
Microsoft Visual Studio Solution File, Format Version 12.00
# Visual Studio Version 16
VisualStudioVersion = 16.0.30011.22
MinimumVisualStudioVersion = 10.0.40219.1
Project("{9A19103F-16F7-4668-BE54-9A1E7A4F7556}") = "CribbageSolitaireSolver", "Solver\CribbageSolitaireSolver.csproj", "{B867E1B7-3EBB-4355-B038-AA4BBCD01C30}"
EndProject
Project("{FAE04EC0-301F-11D3-BF4B-00C04F79EFBC}") = "Tests", "Tests\Tests.csproj", "{349BA561-42CD-4EB5-B8BC-0C727D7CAF8B}"
EndProject
Global
	GlobalSection(SolutionConfigurationPlatforms) = preSolution
		Debug|Any CPU = Debug|Any CPU
		Release|Any CPU = Release|Any CPU
	EndGlobalSection
	GlobalSection(ProjectConfigurationPlatforms) = postSolution
		{B867E1B7-3EBB-4355-B038-AA4BBCD01C30}.Debug|Any CPU.ActiveCfg = Debug|Any CPU
		{B867E1B7-3EBB-4355-B038-AA4BBCD01C30}.Debug|Any CPU.Build.0 = Debug|Any CPU
		{B867E1B7-3EBB-4355-B038-AA4BBCD01C30}.Release|Any CPU.ActiveCfg = Release|Any CPU
		{B867E1B7-3EBB-4355-B038-AA4BBCD01C30}.Release|Any CPU.Build.0 = Release|Any CPU
		{349BA561-42CD-4EB5-B8BC-0C727D7CAF8B}.Debug|Any CPU.ActiveCfg = Debug|Any CPU
		{349BA561-42CD-4EB5-B8BC-0C727D7CAF8B}.Debug|Any CPU.Build.0 = Debug|Any CPU
		{349BA561-42CD-4EB5-B8BC-0C727D7CAF8B}.Release|Any CPU.ActiveCfg = Release|Any CPU
		{349BA561-42CD-4EB5-B8BC-0C727D7CAF8B}.Release|Any CPU.Build.0 = Release|Any CPU
	EndGlobalSection
	GlobalSection(SolutionProperties) = preSolution
		HideSolutionNode = FALSE
	EndGlobalSection
	GlobalSection(ExtensibilityGlobals) = postSolution
		SolutionGuid = {D0D2F427-3DD5-4502-B1B1-3D775CFA5B40}
	EndGlobalSection
EndGlobal
